
Microsoft Visual Studio Solution File, Format Version 12.00
# Visual Studio Version 17
VisualStudioVersion = 17.14.37012.4 d17.14
MinimumVisualStudioVersion = 10.0.40219.1
Project("{FAE04EC0-301F-11D3-BF4B-00C04F79EFBC}") = "SistemaGestionCitas", "SistemaGestionCitas.csproj", "{B6E20D08-F2C2-4C5F-8815-6E4CDE953B71}"
EndProject
Global
	GlobalSection(SolutionConfigurationPlatforms) = preSolution
		Debug|Any CPU = Debug|Any CPU
		Release|Any CPU = Release|Any CPU
	EndGlobalSection
	GlobalSection(ProjectConfigurationPlatforms) = postSolution
		{B6E20D08-F2C2-4C5F-8815-6E4CDE953B71}.Debug|Any CPU.ActiveCfg = Debug|Any CPU
		{B6E20D08-F2C2-4C5F-8815-6E4CDE953B71}.Debug|Any CPU.Build.0 = Debug|Any CPU
		{B6E20D08-F2C2-4C5F-8815-6E4CDE953B71}.Release|Any CPU.ActiveCfg = Release|Any CPU
		{B6E20D08-F2C2-4C5F-8815-6E4CDE953B71}.Release|Any CPU.Build.0 = Release|Any CPU
	EndGlobalSection
	GlobalSection(SolutionProperties) = preSolution
		HideSolutionNode = FALSE
	EndGlobalSection
	GlobalSection(ExtensibilityGlobals) = postSolution
		SolutionGuid = {D4D5D390-A24B-4B75-AA3D-8217BB631F67}
	EndGlobalSection
EndGlobal
